
Microsoft Visual Studio Solution File, Format Version 11.00
# Visual Studio 2010
Project("{FAE04EC0-301F-11D3-BF4B-00C04F79EFBC}") = "HTA.Adventures.Models", "HTA.Adventures.Models\HTA.Adventures.Models.csproj", "{DD3C4165-8BE4-4A24-A30B-0673DAEBCFCE}"
EndProject
Project("{FAE04EC0-301F-11D3-BF4B-00C04F79EFBC}") = "HTA.Adventures.API.WebService", "HTA.Adventures.API.WebService\HTA.Adventures.API.WebService.csproj", "{6845016B-4A50-4FBB-89E3-6D4BF32A7346}"
EndProject
Project("{FAE04EC0-301F-11D3-BF4B-00C04F79EFBC}") = "HTA.Adventures.API.ServiceInterface", "HTA.Adventures.API.ServiceInterface\HTA.Adventures.API.ServiceInterface.csproj", "{1EEDEE88-3BC8-4344-95DE-148CBB7677FA}"
EndProject
Project("{F088123C-0E9E-452A-89E6-6BA2F21D5CAC}") = "HTA.AnalysisModel", "HTA.AnalysisModel\HTA.AnalysisModel.modelproj", "{0A15C178-733A-46DC-8A64-B0F35631FC0B}"
EndProject
Project("{F088123C-0E9E-452A-89E6-6BA2F21D5CAC}") = "HTA.DesignModel", "HTA.DesignModel\HTA.DesignModel.modelproj", "{689EB006-8D5B-4B7A-B2A4-234587BBF6ED}"
EndProject
Project("{FAE04EC0-301F-11D3-BF4B-00C04F79EFBC}") = "HTA.Website.MVC.Example", "HTA.Website.MVC.Example\HTA.Website.MVC.Example.csproj", "{08E32832-A73A-4033-AD06-0D53A8631399}"
EndProject
Project("{FAE04EC0-301F-11D3-BF4B-00C04F79EFBC}") = "HTA.Website.MVC.Example.Tests", "HTA.Website.MVC.Example.Tests\HTA.Website.MVC.Example.Tests.csproj", "{16EFA342-8554-4FEA-B2D9-87C72EEA5697}"
EndProject
Project("{FAE04EC0-301F-11D3-BF4B-00C04F79EFBC}") = "HTA.Websites.MVC.FrontEnd", "HTA.Websites.MVC.FrontEnd\HTA.Websites.MVC.FrontEnd.csproj", "{7075F2A4-D25A-4500-B054-A2A7E9C64D66}"
EndProject
Project("{FAE04EC0-301F-11D3-BF4B-00C04F79EFBC}") = "HTA.Websites.MVC.FrontEnd.Tests", "HTA.Websites.MVC.FrontEnd.Tests\HTA.Websites.MVC.FrontEnd.Tests.csproj", "{AEA2D811-6BF9-463B-9856-B710DFECA6F5}"
EndProject
Project("{2150E333-8FDC-42A3-9474-1A3956D46DE8}") = "Solution Items", "Solution Items", "{505520FE-9544-4A20-B796-532B36ACFBF0}"
	ProjectSection(SolutionItems) = preProject
		HTA.vsmdi = HTA.vsmdi
		Local.testsettings = Local.testsettings
		TraceAndTestImpact.testsettings = TraceAndTestImpact.testsettings
	EndProjectSection
EndProject
Project("{FAE04EC0-301F-11D3-BF4B-00C04F79EFBC}") = "HTA.Adventures.API.Tests", "HTA.Adventures.API.Tests\HTA.Adventures.API.Tests.csproj", "{850D11D4-2A8B-4B19-830B-9E88B0361E18}"
EndProject
Project("{2150E333-8FDC-42A3-9474-1A3956D46DE8}") = "01 User Interface", "01 User Interface", "{479BF1D2-0E4B-4F41-8F16-9C82695E93FE}"
EndProject
Project("{2150E333-8FDC-42A3-9474-1A3956D46DE8}") = "00 Services", "00 Services", "{C0D71E9C-64C4-4991-91EC-E72B65B210E0}"
EndProject
Project("{2150E333-8FDC-42A3-9474-1A3956D46DE8}") = "02 Business", "02 Business", "{73780466-4E53-40F0-8E84-EBB230E70EDA}"
EndProject
Project("{2150E333-8FDC-42A3-9474-1A3956D46DE8}") = "03 Model", "03 Model", "{22EAB8AA-FC8B-46C2-8AC7-15E6549A56B3}"
EndProject
Project("{2150E333-8FDC-42A3-9474-1A3956D46DE8}") = "05 Tests", "05 Tests", "{586BC08E-1B19-4DF7-810F-02CFEE65E074}"
EndProject
Project("{2150E333-8FDC-42A3-9474-1A3956D46DE8}") = "04 Data", "04 Data", "{D0832EAF-E77E-41DE-828E-7B95FDC3C3FA}"
EndProject
Project("{FAE04EC0-301F-11D3-BF4B-00C04F79EFBC}") = "HTA.Adventures.Data.ModelValidation", "HTA.Adventures.Data.ModelValidation\HTA.Adventures.Data.ModelValidation.csproj", "{3A36D566-AA5F-4C12-98CF-A99231B70962}"
EndProject
Project("{FAE04EC0-301F-11D3-BF4B-00C04F79EFBC}") = "HTA.Adventures.Models.Tests", "HTA.Adventures.Models.Tests\HTA.Adventures.Models.Tests.csproj", "{F4462921-087B-40AF-87E2-A7DCD471734E}"
EndProject
Global
	GlobalSection(TestCaseManagementSettings) = postSolution
		CategoryFile = HTA.vsmdi
	EndGlobalSection
	GlobalSection(SolutionConfigurationPlatforms) = preSolution
		Debug|Any CPU = Debug|Any CPU
		Debug|Mixed Platforms = Debug|Mixed Platforms
		Debug|x86 = Debug|x86
		Release|Any CPU = Release|Any CPU
		Release|Mixed Platforms = Release|Mixed Platforms
		Release|x86 = Release|x86
	EndGlobalSection
	GlobalSection(ProjectConfigurationPlatforms) = postSolution
		{DD3C4165-8BE4-4A24-A30B-0673DAEBCFCE}.Debug|Any CPU.ActiveCfg = Debug|Any CPU
		{DD3C4165-8BE4-4A24-A30B-0673DAEBCFCE}.Debug|Any CPU.Build.0 = Debug|Any CPU
		{DD3C4165-8BE4-4A24-A30B-0673DAEBCFCE}.Debug|Mixed Platforms.ActiveCfg = Debug|Any CPU
		{DD3C4165-8BE4-4A24-A30B-0673DAEBCFCE}.Debug|Mixed Platforms.Build.0 = Debug|Any CPU
		{DD3C4165-8BE4-4A24-A30B-0673DAEBCFCE}.Debug|x86.ActiveCfg = Debug|Any CPU
		{DD3C4165-8BE4-4A24-A30B-0673DAEBCFCE}.Release|Any CPU.ActiveCfg = Release|Any CPU
		{DD3C4165-8BE4-4A24-A30B-0673DAEBCFCE}.Release|Any CPU.Build.0 = Release|Any CPU
		{DD3C4165-8BE4-4A24-A30B-0673DAEBCFCE}.Release|Mixed Platforms.ActiveCfg = Release|Any CPU
		{DD3C4165-8BE4-4A24-A30B-0673DAEBCFCE}.Release|Mixed Platforms.Build.0 = Release|Any CPU
		{DD3C4165-8BE4-4A24-A30B-0673DAEBCFCE}.Release|x86.ActiveCfg = Release|Any CPU
		{6845016B-4A50-4FBB-89E3-6D4BF32A7346}.Debug|Any CPU.ActiveCfg = Debug|Any CPU
		{6845016B-4A50-4FBB-89E3-6D4BF32A7346}.Debug|Any CPU.Build.0 = Debug|Any CPU
		{6845016B-4A50-4FBB-89E3-6D4BF32A7346}.Debug|Mixed Platforms.ActiveCfg = Debug|Any CPU
		{6845016B-4A50-4FBB-89E3-6D4BF32A7346}.Debug|Mixed Platforms.Build.0 = Debug|Any CPU
		{6845016B-4A50-4FBB-89E3-6D4BF32A7346}.Debug|x86.ActiveCfg = Debug|Any CPU
		{6845016B-4A50-4FBB-89E3-6D4BF32A7346}.Release|Any CPU.ActiveCfg = Release|Any CPU
		{6845016B-4A50-4FBB-89E3-6D4BF32A7346}.Release|Any CPU.Build.0 = Release|Any CPU
		{6845016B-4A50-4FBB-89E3-6D4BF32A7346}.Release|Mixed Platforms.ActiveCfg = Release|Any CPU
		{6845016B-4A50-4FBB-89E3-6D4BF32A7346}.Release|Mixed Platforms.Build.0 = Release|Any CPU
		{6845016B-4A50-4FBB-89E3-6D4BF32A7346}.Release|x86.ActiveCfg = Release|Any CPU
		{1EEDEE88-3BC8-4344-95DE-148CBB7677FA}.Debug|Any CPU.ActiveCfg = Debug|Any CPU
		{1EEDEE88-3BC8-4344-95DE-148CBB7677FA}.Debug|Any CPU.Build.0 = Debug|Any CPU
		{1EEDEE88-3BC8-4344-95DE-148CBB7677FA}.Debug|Mixed Platforms.ActiveCfg = Debug|Any CPU
		{1EEDEE88-3BC8-4344-95DE-148CBB7677FA}.Debug|Mixed Platforms.Build.0 = Debug|Any CPU
		{1EEDEE88-3BC8-4344-95DE-148CBB7677FA}.Debug|x86.ActiveCfg = Debug|Any CPU
		{1EEDEE88-3BC8-4344-95DE-148CBB7677FA}.Release|Any CPU.ActiveCfg = Release|Any CPU
		{1EEDEE88-3BC8-4344-95DE-148CBB7677FA}.Release|Any CPU.Build.0 = Release|Any CPU
		{1EEDEE88-3BC8-4344-95DE-148CBB7677FA}.Release|Mixed Platforms.ActiveCfg = Release|Any CPU
		{1EEDEE88-3BC8-4344-95DE-148CBB7677FA}.Release|Mixed Platforms.Build.0 = Release|Any CPU
		{1EEDEE88-3BC8-4344-95DE-148CBB7677FA}.Release|x86.ActiveCfg = Release|Any CPU
		{0A15C178-733A-46DC-8A64-B0F35631FC0B}.Debug|Any CPU.ActiveCfg = Debug|Any CPU
		{0A15C178-733A-46DC-8A64-B0F35631FC0B}.Debug|Any CPU.Build.0 = Debug|Any CPU
		{0A15C178-733A-46DC-8A64-B0F35631FC0B}.Debug|Mixed Platforms.ActiveCfg = Debug|Any CPU
		{0A15C178-733A-46DC-8A64-B0F35631FC0B}.Debug|Mixed Platforms.Build.0 = Debug|Any CPU
		{0A15C178-733A-46DC-8A64-B0F35631FC0B}.Debug|x86.ActiveCfg = Debug|Any CPU
		{0A15C178-733A-46DC-8A64-B0F35631FC0B}.Release|Any CPU.ActiveCfg = Release|Any CPU
		{0A15C178-733A-46DC-8A64-B0F35631FC0B}.Release|Any CPU.Build.0 = Release|Any CPU
		{0A15C178-733A-46DC-8A64-B0F35631FC0B}.Release|Mixed Platforms.ActiveCfg = Release|Any CPU
		{0A15C178-733A-46DC-8A64-B0F35631FC0B}.Release|Mixed Platforms.Build.0 = Release|Any CPU
		{0A15C178-733A-46DC-8A64-B0F35631FC0B}.Release|x86.ActiveCfg = Release|Any CPU
		{689EB006-8D5B-4B7A-B2A4-234587BBF6ED}.Debug|Any CPU.ActiveCfg = Debug|Any CPU
		{689EB006-8D5B-4B7A-B2A4-234587BBF6ED}.Debug|Any CPU.Build.0 = Debug|Any CPU
		{689EB006-8D5B-4B7A-B2A4-234587BBF6ED}.Debug|Mixed Platforms.ActiveCfg = Debug|Any CPU
		{689EB006-8D5B-4B7A-B2A4-234587BBF6ED}.Debug|Mixed Platforms.Build.0 = Debug|Any CPU
		{689EB006-8D5B-4B7A-B2A4-234587BBF6ED}.Debug|x86.ActiveCfg = Debug|Any CPU
		{689EB006-8D5B-4B7A-B2A4-234587BBF6ED}.Release|Any CPU.ActiveCfg = Release|Any CPU
		{689EB006-8D5B-4B7A-B2A4-234587BBF6ED}.Release|Any CPU.Build.0 = Release|Any CPU
		{689EB006-8D5B-4B7A-B2A4-234587BBF6ED}.Release|Mixed Platforms.ActiveCfg = Release|Any CPU
		{689EB006-8D5B-4B7A-B2A4-234587BBF6ED}.Release|Mixed Platforms.Build.0 = Release|Any CPU
		{689EB006-8D5B-4B7A-B2A4-234587BBF6ED}.Release|x86.ActiveCfg = Release|Any CPU
		{08E32832-A73A-4033-AD06-0D53A8631399}.Debug|Any CPU.ActiveCfg = Debug|Any CPU
		{08E32832-A73A-4033-AD06-0D53A8631399}.Debug|Any CPU.Build.0 = Debug|Any CPU
		{08E32832-A73A-4033-AD06-0D53A8631399}.Debug|Mixed Platforms.ActiveCfg = Debug|Any CPU
		{08E32832-A73A-4033-AD06-0D53A8631399}.Debug|Mixed Platforms.Build.0 = Debug|Any CPU
		{08E32832-A73A-4033-AD06-0D53A8631399}.Debug|x86.ActiveCfg = Debug|Any CPU
		{08E32832-A73A-4033-AD06-0D53A8631399}.Release|Any CPU.ActiveCfg = Release|Any CPU
		{08E32832-A73A-4033-AD06-0D53A8631399}.Release|Any CPU.Build.0 = Release|Any CPU
		{08E32832-A73A-4033-AD06-0D53A8631399}.Release|Mixed Platforms.ActiveCfg = Release|Any CPU
		{08E32832-A73A-4033-AD06-0D53A8631399}.Release|Mixed Platforms.Build.0 = Release|Any CPU
		{08E32832-A73A-4033-AD06-0D53A8631399}.Release|x86.ActiveCfg = Release|Any CPU
		{16EFA342-8554-4FEA-B2D9-87C72EEA5697}.Debug|Any CPU.ActiveCfg = Debug|Any CPU
		{16EFA342-8554-4FEA-B2D9-87C72EEA5697}.Debug|Any CPU.Build.0 = Debug|Any CPU
		{16EFA342-8554-4FEA-B2D9-87C72EEA5697}.Debug|Mixed Platforms.ActiveCfg = Debug|Any CPU
		{16EFA342-8554-4FEA-B2D9-87C72EEA5697}.Debug|Mixed Platforms.Build.0 = Debug|Any CPU
		{16EFA342-8554-4FEA-B2D9-87C72EEA5697}.Debug|x86.ActiveCfg = Debug|Any CPU
		{16EFA342-8554-4FEA-B2D9-87C72EEA5697}.Release|Any CPU.ActiveCfg = Release|Any CPU
		{16EFA342-8554-4FEA-B2D9-87C72EEA5697}.Release|Any CPU.Build.0 = Release|Any CPU
		{16EFA342-8554-4FEA-B2D9-87C72EEA5697}.Release|Mixed Platforms.ActiveCfg = Release|Any CPU
		{16EFA342-8554-4FEA-B2D9-87C72EEA5697}.Release|Mixed Platforms.Build.0 = Release|Any CPU
		{16EFA342-8554-4FEA-B2D9-87C72EEA5697}.Release|x86.ActiveCfg = Release|Any CPU
		{7075F2A4-D25A-4500-B054-A2A7E9C64D66}.Debug|Any CPU.ActiveCfg = Debug|Any CPU
		{7075F2A4-D25A-4500-B054-A2A7E9C64D66}.Debug|Any CPU.Build.0 = Debug|Any CPU
		{7075F2A4-D25A-4500-B054-A2A7E9C64D66}.Debug|Mixed Platforms.ActiveCfg = Debug|Any CPU
		{7075F2A4-D25A-4500-B054-A2A7E9C64D66}.Debug|Mixed Platforms.Build.0 = Debug|Any CPU
		{7075F2A4-D25A-4500-B054-A2A7E9C64D66}.Debug|x86.ActiveCfg = Debug|Any CPU
		{7075F2A4-D25A-4500-B054-A2A7E9C64D66}.Release|Any CPU.ActiveCfg = Release|Any CPU
		{7075F2A4-D25A-4500-B054-A2A7E9C64D66}.Release|Any CPU.Build.0 = Release|Any CPU
		{7075F2A4-D25A-4500-B054-A2A7E9C64D66}.Release|Mixed Platforms.ActiveCfg = Release|Any CPU
		{7075F2A4-D25A-4500-B054-A2A7E9C64D66}.Release|Mixed Platforms.Build.0 = Release|Any CPU
		{7075F2A4-D25A-4500-B054-A2A7E9C64D66}.Release|x86.ActiveCfg = Release|Any CPU
		{AEA2D811-6BF9-463B-9856-B710DFECA6F5}.Debug|Any CPU.ActiveCfg = Debug|Any CPU
		{AEA2D811-6BF9-463B-9856-B710DFECA6F5}.Debug|Any CPU.Build.0 = Debug|Any CPU
		{AEA2D811-6BF9-463B-9856-B710DFECA6F5}.Debug|Mixed Platforms.ActiveCfg = Debug|Any CPU
		{AEA2D811-6BF9-463B-9856-B710DFECA6F5}.Debug|Mixed Platforms.Build.0 = Debug|Any CPU
		{AEA2D811-6BF9-463B-9856-B710DFECA6F5}.Debug|x86.ActiveCfg = Debug|Any CPU
		{AEA2D811-6BF9-463B-9856-B710DFECA6F5}.Release|Any CPU.ActiveCfg = Release|Any CPU
		{AEA2D811-6BF9-463B-9856-B710DFECA6F5}.Release|Any CPU.Build.0 = Release|Any CPU
		{AEA2D811-6BF9-463B-9856-B710DFECA6F5}.Release|Mixed Platforms.ActiveCfg = Release|Any CPU
		{AEA2D811-6BF9-463B-9856-B710DFECA6F5}.Release|Mixed Platforms.Build.0 = Release|Any CPU
		{AEA2D811-6BF9-463B-9856-B710DFECA6F5}.Release|x86.ActiveCfg = Release|Any CPU
		{850D11D4-2A8B-4B19-830B-9E88B0361E18}.Debug|Any CPU.ActiveCfg = Debug|Any CPU
		{850D11D4-2A8B-4B19-830B-9E88B0361E18}.Debug|Any CPU.Build.0 = Debug|Any CPU
		{850D11D4-2A8B-4B19-830B-9E88B0361E18}.Debug|Mixed Platforms.ActiveCfg = Debug|Any CPU
		{850D11D4-2A8B-4B19-830B-9E88B0361E18}.Debug|Mixed Platforms.Build.0 = Debug|Any CPU
		{850D11D4-2A8B-4B19-830B-9E88B0361E18}.Debug|x86.ActiveCfg = Debug|Any CPU
		{850D11D4-2A8B-4B19-830B-9E88B0361E18}.Release|Any CPU.ActiveCfg = Release|Any CPU
		{850D11D4-2A8B-4B19-830B-9E88B0361E18}.Release|Any CPU.Build.0 = Release|Any CPU
		{850D11D4-2A8B-4B19-830B-9E88B0361E18}.Release|Mixed Platforms.ActiveCfg = Release|Any CPU
		{850D11D4-2A8B-4B19-830B-9E88B0361E18}.Release|Mixed Platforms.Build.0 = Release|Any CPU
		{850D11D4-2A8B-4B19-830B-9E88B0361E18}.Release|x86.ActiveCfg = Release|Any CPU
		{3A36D566-AA5F-4C12-98CF-A99231B70962}.Debug|Any CPU.ActiveCfg = Debug|Any CPU
		{3A36D566-AA5F-4C12-98CF-A99231B70962}.Debug|Any CPU.Build.0 = Debug|Any CPU
		{3A36D566-AA5F-4C12-98CF-A99231B70962}.Debug|Mixed Platforms.ActiveCfg = Debug|Any CPU
		{3A36D566-AA5F-4C12-98CF-A99231B70962}.Debug|Mixed Platforms.Build.0 = Debug|Any CPU
		{3A36D566-AA5F-4C12-98CF-A99231B70962}.Debug|x86.ActiveCfg = Debug|Any CPU
		{3A36D566-AA5F-4C12-98CF-A99231B70962}.Release|Any CPU.ActiveCfg = Release|Any CPU
		{3A36D566-AA5F-4C12-98CF-A99231B70962}.Release|Any CPU.Build.0 = Release|Any CPU
		{3A36D566-AA5F-4C12-98CF-A99231B70962}.Release|Mixed Platforms.ActiveCfg = Release|Any CPU
		{3A36D566-AA5F-4C12-98CF-A99231B70962}.Release|Mixed Platforms.Build.0 = Release|Any CPU
		{3A36D566-AA5F-4C12-98CF-A99231B70962}.Release|x86.ActiveCfg = Release|Any CPU
		{F4462921-087B-40AF-87E2-A7DCD471734E}.Debug|Any CPU.ActiveCfg = Debug|Any CPU
		{F4462921-087B-40AF-87E2-A7DCD471734E}.Debug|Any CPU.Build.0 = Debug|Any CPU
		{F4462921-087B-40AF-87E2-A7DCD471734E}.Debug|Mixed Platforms.ActiveCfg = Debug|Any CPU
		{F4462921-087B-40AF-87E2-A7DCD471734E}.Debug|Mixed Platforms.Build.0 = Debug|Any CPU
		{F4462921-087B-40AF-87E2-A7DCD471734E}.Debug|x86.ActiveCfg = Debug|Any CPU
		{F4462921-087B-40AF-87E2-A7DCD471734E}.Release|Any CPU.ActiveCfg = Release|Any CPU
		{F4462921-087B-40AF-87E2-A7DCD471734E}.Release|Any CPU.Build.0 = Release|Any CPU
		{F4462921-087B-40AF-87E2-A7DCD471734E}.Release|Mixed Platforms.ActiveCfg = Release|Any CPU
		{F4462921-087B-40AF-87E2-A7DCD471734E}.Release|Mixed Platforms.Build.0 = Release|Any CPU
		{F4462921-087B-40AF-87E2-A7DCD471734E}.Release|x86.ActiveCfg = Release|Any CPU
	EndGlobalSection
	GlobalSection(SolutionProperties) = preSolution
		HideSolutionNode = FALSE
	EndGlobalSection
	GlobalSection(NestedProjects) = preSolution
		{0A15C178-733A-46DC-8A64-B0F35631FC0B} = {22EAB8AA-FC8B-46C2-8AC7-15E6549A56B3}
		{689EB006-8D5B-4B7A-B2A4-234587BBF6ED} = {22EAB8AA-FC8B-46C2-8AC7-15E6549A56B3}
		{DD3C4165-8BE4-4A24-A30B-0673DAEBCFCE} = {22EAB8AA-FC8B-46C2-8AC7-15E6549A56B3}
		{6845016B-4A50-4FBB-89E3-6D4BF32A7346} = {C0D71E9C-64C4-4991-91EC-E72B65B210E0}
		{1EEDEE88-3BC8-4344-95DE-148CBB7677FA} = {73780466-4E53-40F0-8E84-EBB230E70EDA}
		{7075F2A4-D25A-4500-B054-A2A7E9C64D66} = {479BF1D2-0E4B-4F41-8F16-9C82695E93FE}
		{08E32832-A73A-4033-AD06-0D53A8631399} = {479BF1D2-0E4B-4F41-8F16-9C82695E93FE}
		{AEA2D811-6BF9-463B-9856-B710DFECA6F5} = {586BC08E-1B19-4DF7-810F-02CFEE65E074}
		{850D11D4-2A8B-4B19-830B-9E88B0361E18} = {586BC08E-1B19-4DF7-810F-02CFEE65E074}
		{16EFA342-8554-4FEA-B2D9-87C72EEA5697} = {586BC08E-1B19-4DF7-810F-02CFEE65E074}
		{F4462921-087B-40AF-87E2-A7DCD471734E} = {586BC08E-1B19-4DF7-810F-02CFEE65E074}
		{3A36D566-AA5F-4C12-98CF-A99231B70962} = {D0832EAF-E77E-41DE-828E-7B95FDC3C3FA}
	EndGlobalSection
EndGlobal
