
Microsoft Visual Studio Solution File, Format Version 11.00
# Visual Studio 2010
Project("{FAE04EC0-301F-11D3-BF4B-00C04F79EFBC}") = "HTA.Adventures.Models", "HTA.Adventures.Models\HTA.Adventures.Models.csproj", "{DD3C4165-8BE4-4A24-A30B-0673DAEBCFCE}"
EndProject
Project("{FAE04EC0-301F-11D3-BF4B-00C04F79EFBC}") = "HTA.Adventures.RegionTestGUI", "HTA.Adventures.RegionTestGUI\HTA.Adventures.RegionTestGUI.csproj", "{2162B6CD-F0AD-4173-AB7E-F66B8B81FAAB}"
EndProject
Project("{FAE04EC0-301F-11D3-BF4B-00C04F79EFBC}") = "HTA.Adventures.API.WebService", "HTA.Adventures.API.WebService\HTA.Adventures.API.WebService.csproj", "{6845016B-4A50-4FBB-89E3-6D4BF32A7346}"
EndProject
Project("{FAE04EC0-301F-11D3-BF4B-00C04F79EFBC}") = "HTA.Adventures.API.ServiceInterface", "HTA.Adventures.API.ServiceInterface\HTA.Adventures.API.ServiceInterface.csproj", "{1EEDEE88-3BC8-4344-95DE-148CBB7677FA}"
EndProject
Project("{F088123C-0E9E-452A-89E6-6BA2F21D5CAC}") = "HTA.AnalysisModel", "HTA.AnalysisModel\HTA.AnalysisModel.modelproj", "{0A15C178-733A-46DC-8A64-B0F35631FC0B}"
EndProject
Project("{F088123C-0E9E-452A-89E6-6BA2F21D5CAC}") = "HTA.DesignModel", "HTA.DesignModel\HTA.DesignModel.modelproj", "{689EB006-8D5B-4B7A-B2A4-234587BBF6ED}"
EndProject
Project("{FAE04EC0-301F-11D3-BF4B-00C04F79EFBC}") = "HTA.Website.MVC.Example", "HTA.Website.MVC.Example\HTA.Website.MVC.Example.csproj", "{08E32832-A73A-4033-AD06-0D53A8631399}"
EndProject
Project("{FAE04EC0-301F-11D3-BF4B-00C04F79EFBC}") = "HTA.Website.MVC.Example.Tests", "HTA.Website.MVC.Example.Tests\HTA.Website.MVC.Example.Tests.csproj", "{16EFA342-8554-4FEA-B2D9-87C72EEA5697}"
EndProject
Global
	GlobalSection(SolutionConfigurationPlatforms) = preSolution
		Debug|Any CPU = Debug|Any CPU
		Debug|Mixed Platforms = Debug|Mixed Platforms
		Debug|x86 = Debug|x86
		Release|Any CPU = Release|Any CPU
		Release|Mixed Platforms = Release|Mixed Platforms
		Release|x86 = Release|x86
	EndGlobalSection
	GlobalSection(ProjectConfigurationPlatforms) = postSolution
		{DD3C4165-8BE4-4A24-A30B-0673DAEBCFCE}.Debug|Any CPU.ActiveCfg = Debug|Any CPU
		{DD3C4165-8BE4-4A24-A30B-0673DAEBCFCE}.Debug|Any CPU.Build.0 = Debug|Any CPU
		{DD3C4165-8BE4-4A24-A30B-0673DAEBCFCE}.Debug|Mixed Platforms.ActiveCfg = Debug|Any CPU
		{DD3C4165-8BE4-4A24-A30B-0673DAEBCFCE}.Debug|Mixed Platforms.Build.0 = Debug|Any CPU
		{DD3C4165-8BE4-4A24-A30B-0673DAEBCFCE}.Debug|x86.ActiveCfg = Debug|Any CPU
		{DD3C4165-8BE4-4A24-A30B-0673DAEBCFCE}.Release|Any CPU.ActiveCfg = Release|Any CPU
		{DD3C4165-8BE4-4A24-A30B-0673DAEBCFCE}.Release|Any CPU.Build.0 = Release|Any CPU
		{DD3C4165-8BE4-4A24-A30B-0673DAEBCFCE}.Release|Mixed Platforms.ActiveCfg = Release|Any CPU
		{DD3C4165-8BE4-4A24-A30B-0673DAEBCFCE}.Release|Mixed Platforms.Build.0 = Release|Any CPU
		{DD3C4165-8BE4-4A24-A30B-0673DAEBCFCE}.Release|x86.ActiveCfg = Release|Any CPU
		{2162B6CD-F0AD-4173-AB7E-F66B8B81FAAB}.Debug|Any CPU.ActiveCfg = Debug|x86
		{2162B6CD-F0AD-4173-AB7E-F66B8B81FAAB}.Debug|Mixed Platforms.ActiveCfg = Debug|x86
		{2162B6CD-F0AD-4173-AB7E-F66B8B81FAAB}.Debug|Mixed Platforms.Build.0 = Debug|x86
		{2162B6CD-F0AD-4173-AB7E-F66B8B81FAAB}.Debug|x86.ActiveCfg = Debug|x86
		{2162B6CD-F0AD-4173-AB7E-F66B8B81FAAB}.Debug|x86.Build.0 = Debug|x86
		{2162B6CD-F0AD-4173-AB7E-F66B8B81FAAB}.Release|Any CPU.ActiveCfg = Release|x86
		{2162B6CD-F0AD-4173-AB7E-F66B8B81FAAB}.Release|Mixed Platforms.ActiveCfg = Release|x86
		{2162B6CD-F0AD-4173-AB7E-F66B8B81FAAB}.Release|Mixed Platforms.Build.0 = Release|x86
		{2162B6CD-F0AD-4173-AB7E-F66B8B81FAAB}.Release|x86.ActiveCfg = Release|x86
		{2162B6CD-F0AD-4173-AB7E-F66B8B81FAAB}.Release|x86.Build.0 = Release|x86
		{6845016B-4A50-4FBB-89E3-6D4BF32A7346}.Debug|Any CPU.ActiveCfg = Debug|Any CPU
		{6845016B-4A50-4FBB-89E3-6D4BF32A7346}.Debug|Any CPU.Build.0 = Debug|Any CPU
		{6845016B-4A50-4FBB-89E3-6D4BF32A7346}.Debug|Mixed Platforms.ActiveCfg = Debug|Any CPU
		{6845016B-4A50-4FBB-89E3-6D4BF32A7346}.Debug|Mixed Platforms.Build.0 = Debug|Any CPU
		{6845016B-4A50-4FBB-89E3-6D4BF32A7346}.Debug|x86.ActiveCfg = Debug|Any CPU
		{6845016B-4A50-4FBB-89E3-6D4BF32A7346}.Release|Any CPU.ActiveCfg = Release|Any CPU
		{6845016B-4A50-4FBB-89E3-6D4BF32A7346}.Release|Any CPU.Build.0 = Release|Any CPU
		{6845016B-4A50-4FBB-89E3-6D4BF32A7346}.Release|Mixed Platforms.ActiveCfg = Release|Any CPU
		{6845016B-4A50-4FBB-89E3-6D4BF32A7346}.Release|Mixed Platforms.Build.0 = Release|Any CPU
		{6845016B-4A50-4FBB-89E3-6D4BF32A7346}.Release|x86.ActiveCfg = Release|Any CPU
		{1EEDEE88-3BC8-4344-95DE-148CBB7677FA}.Debug|Any CPU.ActiveCfg = Debug|Any CPU
		{1EEDEE88-3BC8-4344-95DE-148CBB7677FA}.Debug|Any CPU.Build.0 = Debug|Any CPU
		{1EEDEE88-3BC8-4344-95DE-148CBB7677FA}.Debug|Mixed Platforms.ActiveCfg = Debug|Any CPU
		{1EEDEE88-3BC8-4344-95DE-148CBB7677FA}.Debug|Mixed Platforms.Build.0 = Debug|Any CPU
		{1EEDEE88-3BC8-4344-95DE-148CBB7677FA}.Debug|x86.ActiveCfg = Debug|Any CPU
		{1EEDEE88-3BC8-4344-95DE-148CBB7677FA}.Release|Any CPU.ActiveCfg = Release|Any CPU
		{1EEDEE88-3BC8-4344-95DE-148CBB7677FA}.Release|Any CPU.Build.0 = Release|Any CPU
		{1EEDEE88-3BC8-4344-95DE-148CBB7677FA}.Release|Mixed Platforms.ActiveCfg = Release|Any CPU
		{1EEDEE88-3BC8-4344-95DE-148CBB7677FA}.Release|Mixed Platforms.Build.0 = Release|Any CPU
		{1EEDEE88-3BC8-4344-95DE-148CBB7677FA}.Release|x86.ActiveCfg = Release|Any CPU
		{0A15C178-733A-46DC-8A64-B0F35631FC0B}.Debug|Any CPU.ActiveCfg = Debug|Any CPU
		{0A15C178-733A-46DC-8A64-B0F35631FC0B}.Debug|Any CPU.Build.0 = Debug|Any CPU
		{0A15C178-733A-46DC-8A64-B0F35631FC0B}.Debug|Mixed Platforms.ActiveCfg = Debug|Any CPU
		{0A15C178-733A-46DC-8A64-B0F35631FC0B}.Debug|Mixed Platforms.Build.0 = Debug|Any CPU
		{0A15C178-733A-46DC-8A64-B0F35631FC0B}.Debug|x86.ActiveCfg = Debug|Any CPU
		{0A15C178-733A-46DC-8A64-B0F35631FC0B}.Release|Any CPU.ActiveCfg = Release|Any CPU
		{0A15C178-733A-46DC-8A64-B0F35631FC0B}.Release|Any CPU.Build.0 = Release|Any CPU
		{0A15C178-733A-46DC-8A64-B0F35631FC0B}.Release|Mixed Platforms.ActiveCfg = Release|Any CPU
		{0A15C178-733A-46DC-8A64-B0F35631FC0B}.Release|Mixed Platforms.Build.0 = Release|Any CPU
		{0A15C178-733A-46DC-8A64-B0F35631FC0B}.Release|x86.ActiveCfg = Release|Any CPU
		{689EB006-8D5B-4B7A-B2A4-234587BBF6ED}.Debug|Any CPU.ActiveCfg = Debug|Any CPU
		{689EB006-8D5B-4B7A-B2A4-234587BBF6ED}.Debug|Any CPU.Build.0 = Debug|Any CPU
		{689EB006-8D5B-4B7A-B2A4-234587BBF6ED}.Debug|Mixed Platforms.ActiveCfg = Debug|Any CPU
		{689EB006-8D5B-4B7A-B2A4-234587BBF6ED}.Debug|Mixed Platforms.Build.0 = Debug|Any CPU
		{689EB006-8D5B-4B7A-B2A4-234587BBF6ED}.Debug|x86.ActiveCfg = Debug|Any CPU
		{689EB006-8D5B-4B7A-B2A4-234587BBF6ED}.Release|Any CPU.ActiveCfg = Release|Any CPU
		{689EB006-8D5B-4B7A-B2A4-234587BBF6ED}.Release|Any CPU.Build.0 = Release|Any CPU
		{689EB006-8D5B-4B7A-B2A4-234587BBF6ED}.Release|Mixed Platforms.ActiveCfg = Release|Any CPU
		{689EB006-8D5B-4B7A-B2A4-234587BBF6ED}.Release|Mixed Platforms.Build.0 = Release|Any CPU
		{689EB006-8D5B-4B7A-B2A4-234587BBF6ED}.Release|x86.ActiveCfg = Release|Any CPU
		{08E32832-A73A-4033-AD06-0D53A8631399}.Debug|Any CPU.ActiveCfg = Debug|Any CPU
		{08E32832-A73A-4033-AD06-0D53A8631399}.Debug|Any CPU.Build.0 = Debug|Any CPU
		{08E32832-A73A-4033-AD06-0D53A8631399}.Debug|Mixed Platforms.ActiveCfg = Debug|Any CPU
		{08E32832-A73A-4033-AD06-0D53A8631399}.Debug|Mixed Platforms.Build.0 = Debug|Any CPU
		{08E32832-A73A-4033-AD06-0D53A8631399}.Debug|x86.ActiveCfg = Debug|Any CPU
		{08E32832-A73A-4033-AD06-0D53A8631399}.Release|Any CPU.ActiveCfg = Release|Any CPU
		{08E32832-A73A-4033-AD06-0D53A8631399}.Release|Any CPU.Build.0 = Release|Any CPU
		{08E32832-A73A-4033-AD06-0D53A8631399}.Release|Mixed Platforms.ActiveCfg = Release|Any CPU
		{08E32832-A73A-4033-AD06-0D53A8631399}.Release|Mixed Platforms.Build.0 = Release|Any CPU
		{08E32832-A73A-4033-AD06-0D53A8631399}.Release|x86.ActiveCfg = Release|Any CPU
		{16EFA342-8554-4FEA-B2D9-87C72EEA5697}.Debug|Any CPU.ActiveCfg = Debug|Any CPU
		{16EFA342-8554-4FEA-B2D9-87C72EEA5697}.Debug|Any CPU.Build.0 = Debug|Any CPU
		{16EFA342-8554-4FEA-B2D9-87C72EEA5697}.Debug|Mixed Platforms.ActiveCfg = Debug|Any CPU
		{16EFA342-8554-4FEA-B2D9-87C72EEA5697}.Debug|Mixed Platforms.Build.0 = Debug|Any CPU
		{16EFA342-8554-4FEA-B2D9-87C72EEA5697}.Debug|x86.ActiveCfg = Debug|Any CPU
		{16EFA342-8554-4FEA-B2D9-87C72EEA5697}.Release|Any CPU.ActiveCfg = Release|Any CPU
		{16EFA342-8554-4FEA-B2D9-87C72EEA5697}.Release|Any CPU.Build.0 = Release|Any CPU
		{16EFA342-8554-4FEA-B2D9-87C72EEA5697}.Release|Mixed Platforms.ActiveCfg = Release|Any CPU
		{16EFA342-8554-4FEA-B2D9-87C72EEA5697}.Release|Mixed Platforms.Build.0 = Release|Any CPU
		{16EFA342-8554-4FEA-B2D9-87C72EEA5697}.Release|x86.ActiveCfg = Release|Any CPU
	EndGlobalSection
	GlobalSection(SolutionProperties) = preSolution
		HideSolutionNode = FALSE
	EndGlobalSection
EndGlobal
